// !$*UTF8*$!
{
	archiveVersion = 1;
	classes = {
	};
	objectVersion = 52;
	objects = {

/* Begin PBXBuildFile section */
		14E29B5CA16DAFBC19415838 /* Pods_myBowfolio.framework in Frameworks */ = {isa = PBXBuildFile; fileRef = 3396AEBAB9BA1EA8278E978E /* Pods_myBowfolio.framework */; };
		451BE83A24FF26EE004E502F /* ProjectsViewModel.swift in Sources */ = {isa = PBXBuildFile; fileRef = 451BE83924FF26EE004E502F /* ProjectsViewModel.swift */; };
		451BE83C24FFB3AD004E502F /* EditProfileView.swift in Sources */ = {isa = PBXBuildFile; fileRef = 451BE83B24FFB3AD004E502F /* EditProfileView.swift */; };
		451BE84125009F18004E502F /* AddProjectView.swift in Sources */ = {isa = PBXBuildFile; fileRef = 451BE84025009F18004E502F /* AddProjectView.swift */; };
		451BE84325009FB6004E502F /* ProjectViewModel.swift in Sources */ = {isa = PBXBuildFile; fileRef = 451BE84225009FB6004E502F /* ProjectViewModel.swift */; };
		451BE8452500F512004E502F /* ImagePicker.swift in Sources */ = {isa = PBXBuildFile; fileRef = 451BE8442500F512004E502F /* ImagePicker.swift */; };
		4598704B24FB8FE600CAA6D8 /* ProjectsView.swift in Sources */ = {isa = PBXBuildFile; fileRef = 4598704A24FB8FE600CAA6D8 /* ProjectsView.swift */; };
		4598705024FBA53500CAA6D8 /* Pages in Frameworks */ = {isa = PBXBuildFile; productRef = 4598704F24FBA53500CAA6D8 /* Pages */; };
		4598705224FC9C3600CAA6D8 /* ProjectCard.swift in Sources */ = {isa = PBXBuildFile; fileRef = 4598705124FC9C3600CAA6D8 /* ProjectCard.swift */; };
		4598705424FCE81100CAA6D8 /* ProfileCard.swift in Sources */ = {isa = PBXBuildFile; fileRef = 4598705324FCE81100CAA6D8 /* ProfileCard.swift */; };
		4598705624FCF02900CAA6D8 /* ProfilesView.swift in Sources */ = {isa = PBXBuildFile; fileRef = 4598705524FCF02900CAA6D8 /* ProfilesView.swift */; };
		4598705824FCF1D000CAA6D8 /* InterestCard.swift in Sources */ = {isa = PBXBuildFile; fileRef = 4598705724FCF1D000CAA6D8 /* InterestCard.swift */; };
		4598705C24FD04E100CAA6D8 /* InterestsView.swift in Sources */ = {isa = PBXBuildFile; fileRef = 4598705B24FD04E100CAA6D8 /* InterestsView.swift */; };
		4598706024FD0CDA00CAA6D8 /* FilterView.swift in Sources */ = {isa = PBXBuildFile; fileRef = 4598705F24FD0CDA00CAA6D8 /* FilterView.swift */; };
		45A50B402501C547000BDE14 /* UserViewModel.swift in Sources */ = {isa = PBXBuildFile; fileRef = 45A50B3F2501C547000BDE14 /* UserViewModel.swift */; };
		45A50B422501C63B000BDE14 /* User.swift in Sources */ = {isa = PBXBuildFile; fileRef = 45A50B412501C63B000BDE14 /* User.swift */; };
		45A50B4425032E3E000BDE14 /* Test.swift in Sources */ = {isa = PBXBuildFile; fileRef = 45A50B4325032E3E000BDE14 /* Test.swift */; };
		45A50B462503348F000BDE14 /* Loader.swift in Sources */ = {isa = PBXBuildFile; fileRef = 45A50B452503348F000BDE14 /* Loader.swift */; };
		45A50B4E25038D09000BDE14 /* UsersViewModel.swift in Sources */ = {isa = PBXBuildFile; fileRef = 45A50B4D25038D09000BDE14 /* UsersViewModel.swift */; };
		45A50B502503947F000BDE14 /* ProfileViewModel.swift in Sources */ = {isa = PBXBuildFile; fileRef = 45A50B4F2503947F000BDE14 /* ProfileViewModel.swift */; };
		45A50B5225039E43000BDE14 /* EditProject.swift in Sources */ = {isa = PBXBuildFile; fileRef = 45A50B5125039E43000BDE14 /* EditProject.swift */; };
		45D2BEBC24FA4AC40079A855 /* AppDelegate.swift in Sources */ = {isa = PBXBuildFile; fileRef = 45D2BEBB24FA4AC40079A855 /* AppDelegate.swift */; };
		45D2BEBE24FA4AC40079A855 /* SceneDelegate.swift in Sources */ = {isa = PBXBuildFile; fileRef = 45D2BEBD24FA4AC40079A855 /* SceneDelegate.swift */; };
		45D2BEC024FA4AC40079A855 /* ContentView.swift in Sources */ = {isa = PBXBuildFile; fileRef = 45D2BEBF24FA4AC40079A855 /* ContentView.swift */; };
		45D2BEC224FA4AC70079A855 /* Assets.xcassets in Resources */ = {isa = PBXBuildFile; fileRef = 45D2BEC124FA4AC70079A855 /* Assets.xcassets */; };
		45D2BEC524FA4AC70079A855 /* Preview Assets.xcassets in Resources */ = {isa = PBXBuildFile; fileRef = 45D2BEC424FA4AC70079A855 /* Preview Assets.xcassets */; };
		45D2BEC824FA4AC70079A855 /* LaunchScreen.storyboard in Resources */ = {isa = PBXBuildFile; fileRef = 45D2BEC624FA4AC70079A855 /* LaunchScreen.storyboard */; };
		45D2BED424FA69820079A855 /* DesignedButton.swift in Sources */ = {isa = PBXBuildFile; fileRef = 45D2BED324FA69820079A855 /* DesignedButton.swift */; };
		45D2BED624FA6DF80079A855 /* LoginView.swift in Sources */ = {isa = PBXBuildFile; fileRef = 45D2BED524FA6DF80079A855 /* LoginView.swift */; };
		45D2BED824FA80A20079A855 /* SignUpView.swift in Sources */ = {isa = PBXBuildFile; fileRef = 45D2BED724FA80A20079A855 /* SignUpView.swift */; };
		45D2BEE524FB55610079A855 /* HomeView.swift in Sources */ = {isa = PBXBuildFile; fileRef = 45D2BEE424FB55600079A855 /* HomeView.swift */; };
		45D2BEEB24FB747B0079A855 /* profiles.json in Resources */ = {isa = PBXBuildFile; fileRef = 45D2BEEA24FB747B0079A855 /* profiles.json */; };
		45D2BEED24FB74D60079A855 /* Data.swift in Sources */ = {isa = PBXBuildFile; fileRef = 45D2BEEC24FB74D60079A855 /* Data.swift */; };
		45D2BEEF24FB75040079A855 /* Profile.swift in Sources */ = {isa = PBXBuildFile; fileRef = 45D2BEEE24FB75040079A855 /* Profile.swift */; };
		45D2BEF124FB78A40079A855 /* projects.json in Resources */ = {isa = PBXBuildFile; fileRef = 45D2BEF024FB78A40079A855 /* projects.json */; };
		45D2BEF324FB79050079A855 /* Project.swift in Sources */ = {isa = PBXBuildFile; fileRef = 45D2BEF224FB79050079A855 /* Project.swift */; };
		45DB0EF124FDDB5300C41176 /* GoogleService-Info.plist in Resources */ = {isa = PBXBuildFile; fileRef = 45DB0EF024FDDB5200C41176 /* GoogleService-Info.plist */; };
		45DB0EF324FDEFFE00C41176 /* AlertView.swift in Sources */ = {isa = PBXBuildFile; fileRef = 45DB0EF224FDEFFE00C41176 /* AlertView.swift */; };
		45DB0EF724FE20B400C41176 /* SessionStore.swift in Sources */ = {isa = PBXBuildFile; fileRef = 45DB0EF624FE20B300C41176 /* SessionStore.swift */; };
		45DB0EFA24FE6BD500C41176 /* ProfilesViewModel.swift in Sources */ = {isa = PBXBuildFile; fileRef = 45DB0EF924FE6BD500C41176 /* ProfilesViewModel.swift */; };
/* End PBXBuildFile section */

/* Begin PBXFileReference section */
		3396AEBAB9BA1EA8278E978E /* Pods_myBowfolio.framework */ = {isa = PBXFileReference; explicitFileType = wrapper.framework; includeInIndex = 0; path = Pods_myBowfolio.framework; sourceTree = BUILT_PRODUCTS_DIR; };
		451BE83824FE7B66004E502F /* myBowfolio.entitlements */ = {isa = PBXFileReference; lastKnownFileType = text.plist.entitlements; path = myBowfolio.entitlements; sourceTree = "<group>"; };
		451BE83924FF26EE004E502F /* ProjectsViewModel.swift */ = {isa = PBXFileReference; lastKnownFileType = sourcecode.swift; path = ProjectsViewModel.swift; sourceTree = "<group>"; };
		451BE83B24FFB3AD004E502F /* EditProfileView.swift */ = {isa = PBXFileReference; lastKnownFileType = sourcecode.swift; path = EditProfileView.swift; sourceTree = "<group>"; };
		451BE84025009F18004E502F /* AddProjectView.swift */ = {isa = PBXFileReference; lastKnownFileType = sourcecode.swift; path = AddProjectView.swift; sourceTree = "<group>"; };
		451BE84225009FB6004E502F /* ProjectViewModel.swift */ = {isa = PBXFileReference; lastKnownFileType = sourcecode.swift; path = ProjectViewModel.swift; sourceTree = "<group>"; };
		451BE8442500F512004E502F /* ImagePicker.swift */ = {isa = PBXFileReference; lastKnownFileType = sourcecode.swift; path = ImagePicker.swift; sourceTree = "<group>"; };
		4598704A24FB8FE600CAA6D8 /* ProjectsView.swift */ = {isa = PBXFileReference; lastKnownFileType = sourcecode.swift; path = ProjectsView.swift; sourceTree = "<group>"; };
		4598705124FC9C3600CAA6D8 /* ProjectCard.swift */ = {isa = PBXFileReference; lastKnownFileType = sourcecode.swift; path = ProjectCard.swift; sourceTree = "<group>"; };
		4598705324FCE81100CAA6D8 /* ProfileCard.swift */ = {isa = PBXFileReference; lastKnownFileType = sourcecode.swift; path = ProfileCard.swift; sourceTree = "<group>"; };
		4598705524FCF02900CAA6D8 /* ProfilesView.swift */ = {isa = PBXFileReference; lastKnownFileType = sourcecode.swift; path = ProfilesView.swift; sourceTree = "<group>"; };
		4598705724FCF1D000CAA6D8 /* InterestCard.swift */ = {isa = PBXFileReference; lastKnownFileType = sourcecode.swift; path = InterestCard.swift; sourceTree = "<group>"; };
		4598705B24FD04E100CAA6D8 /* InterestsView.swift */ = {isa = PBXFileReference; lastKnownFileType = sourcecode.swift; path = InterestsView.swift; sourceTree = "<group>"; };
		4598705F24FD0CDA00CAA6D8 /* FilterView.swift */ = {isa = PBXFileReference; lastKnownFileType = sourcecode.swift; path = FilterView.swift; sourceTree = "<group>"; };
		45A50B3F2501C547000BDE14 /* UserViewModel.swift */ = {isa = PBXFileReference; lastKnownFileType = sourcecode.swift; path = UserViewModel.swift; sourceTree = "<group>"; };
		45A50B412501C63B000BDE14 /* User.swift */ = {isa = PBXFileReference; lastKnownFileType = sourcecode.swift; path = User.swift; sourceTree = "<group>"; };
		45A50B4325032E3E000BDE14 /* Test.swift */ = {isa = PBXFileReference; lastKnownFileType = sourcecode.swift; path = Test.swift; sourceTree = "<group>"; };
		45A50B452503348F000BDE14 /* Loader.swift */ = {isa = PBXFileReference; lastKnownFileType = sourcecode.swift; path = Loader.swift; sourceTree = "<group>"; };
		45A50B4D25038D09000BDE14 /* UsersViewModel.swift */ = {isa = PBXFileReference; lastKnownFileType = sourcecode.swift; path = UsersViewModel.swift; sourceTree = "<group>"; };
		45A50B4F2503947F000BDE14 /* ProfileViewModel.swift */ = {isa = PBXFileReference; lastKnownFileType = sourcecode.swift; path = ProfileViewModel.swift; sourceTree = "<group>"; };
		45A50B5125039E43000BDE14 /* EditProject.swift */ = {isa = PBXFileReference; lastKnownFileType = sourcecode.swift; path = EditProject.swift; sourceTree = "<group>"; };
		45D2BEB824FA4AC40079A855 /* myBowfolio.app */ = {isa = PBXFileReference; explicitFileType = wrapper.application; includeInIndex = 0; path = myBowfolio.app; sourceTree = BUILT_PRODUCTS_DIR; };
		45D2BEBB24FA4AC40079A855 /* AppDelegate.swift */ = {isa = PBXFileReference; lastKnownFileType = sourcecode.swift; path = AppDelegate.swift; sourceTree = "<group>"; };
		45D2BEBD24FA4AC40079A855 /* SceneDelegate.swift */ = {isa = PBXFileReference; lastKnownFileType = sourcecode.swift; path = SceneDelegate.swift; sourceTree = "<group>"; };
		45D2BEBF24FA4AC40079A855 /* ContentView.swift */ = {isa = PBXFileReference; lastKnownFileType = sourcecode.swift; path = ContentView.swift; sourceTree = "<group>"; };
		45D2BEC124FA4AC70079A855 /* Assets.xcassets */ = {isa = PBXFileReference; lastKnownFileType = folder.assetcatalog; path = Assets.xcassets; sourceTree = "<group>"; };
		45D2BEC424FA4AC70079A855 /* Preview Assets.xcassets */ = {isa = PBXFileReference; lastKnownFileType = folder.assetcatalog; path = "Preview Assets.xcassets"; sourceTree = "<group>"; };
		45D2BEC724FA4AC70079A855 /* Base */ = {isa = PBXFileReference; lastKnownFileType = file.storyboard; name = Base; path = Base.lproj/LaunchScreen.storyboard; sourceTree = "<group>"; };
		45D2BEC924FA4AC70079A855 /* Info.plist */ = {isa = PBXFileReference; lastKnownFileType = text.plist.xml; path = Info.plist; sourceTree = "<group>"; };
		45D2BED324FA69820079A855 /* DesignedButton.swift */ = {isa = PBXFileReference; lastKnownFileType = sourcecode.swift; path = DesignedButton.swift; sourceTree = "<group>"; };
		45D2BED524FA6DF80079A855 /* LoginView.swift */ = {isa = PBXFileReference; lastKnownFileType = sourcecode.swift; path = LoginView.swift; sourceTree = "<group>"; };
		45D2BED724FA80A20079A855 /* SignUpView.swift */ = {isa = PBXFileReference; lastKnownFileType = sourcecode.swift; path = SignUpView.swift; sourceTree = "<group>"; };
		45D2BEE424FB55600079A855 /* HomeView.swift */ = {isa = PBXFileReference; lastKnownFileType = sourcecode.swift; path = HomeView.swift; sourceTree = "<group>"; };
		45D2BEEA24FB747B0079A855 /* profiles.json */ = {isa = PBXFileReference; fileEncoding = 4; lastKnownFileType = text.json; path = profiles.json; sourceTree = "<group>"; };
		45D2BEEC24FB74D60079A855 /* Data.swift */ = {isa = PBXFileReference; lastKnownFileType = sourcecode.swift; path = Data.swift; sourceTree = "<group>"; };
		45D2BEEE24FB75040079A855 /* Profile.swift */ = {isa = PBXFileReference; lastKnownFileType = sourcecode.swift; path = Profile.swift; sourceTree = "<group>"; };
		45D2BEF024FB78A40079A855 /* projects.json */ = {isa = PBXFileReference; fileEncoding = 4; lastKnownFileType = text.json; path = projects.json; sourceTree = "<group>"; };
		45D2BEF224FB79050079A855 /* Project.swift */ = {isa = PBXFileReference; lastKnownFileType = sourcecode.swift; path = Project.swift; sourceTree = "<group>"; };
		45DB0EF024FDDB5200C41176 /* GoogleService-Info.plist */ = {isa = PBXFileReference; fileEncoding = 4; lastKnownFileType = text.plist.xml; path = "GoogleService-Info.plist"; sourceTree = "<group>"; };
		45DB0EF224FDEFFE00C41176 /* AlertView.swift */ = {isa = PBXFileReference; lastKnownFileType = sourcecode.swift; path = AlertView.swift; sourceTree = "<group>"; };
		45DB0EF624FE20B300C41176 /* SessionStore.swift */ = {isa = PBXFileReference; lastKnownFileType = sourcecode.swift; path = SessionStore.swift; sourceTree = "<group>"; };
		45DB0EF924FE6BD500C41176 /* ProfilesViewModel.swift */ = {isa = PBXFileReference; lastKnownFileType = sourcecode.swift; path = ProfilesViewModel.swift; sourceTree = "<group>"; };
		8205DD909B9D2BDBCD5044DE /* Pods-myBowfolio.debug.xcconfig */ = {isa = PBXFileReference; includeInIndex = 1; lastKnownFileType = text.xcconfig; name = "Pods-myBowfolio.debug.xcconfig"; path = "Target Support Files/Pods-myBowfolio/Pods-myBowfolio.debug.xcconfig"; sourceTree = "<group>"; };
		96585D7B9079B2FA171C4581 /* Pods-myBowfolio.release.xcconfig */ = {isa = PBXFileReference; includeInIndex = 1; lastKnownFileType = text.xcconfig; name = "Pods-myBowfolio.release.xcconfig"; path = "Target Support Files/Pods-myBowfolio/Pods-myBowfolio.release.xcconfig"; sourceTree = "<group>"; };
/* End PBXFileReference section */

/* Begin PBXFrameworksBuildPhase section */
		45D2BEB524FA4AC40079A855 /* Frameworks */ = {
			isa = PBXFrameworksBuildPhase;
			buildActionMask = 2147483647;
			files = (
				4598705024FBA53500CAA6D8 /* Pages in Frameworks */,
				14E29B5CA16DAFBC19415838 /* Pods_myBowfolio.framework in Frameworks */,
			);
			runOnlyForDeploymentPostprocessing = 0;
		};
/* End PBXFrameworksBuildPhase section */

/* Begin PBXGroup section */
		1FE23BEFB05C461B216B6C60 /* Frameworks */ = {
			isa = PBXGroup;
			children = (
				3396AEBAB9BA1EA8278E978E /* Pods_myBowfolio.framework */,
			);
			name = Frameworks;
			sourceTree = "<group>";
		};
		451BE83D24FFB75C004E502F /* HelpClasses */ = {
			isa = PBXGroup;
			children = (
				45DB0EF624FE20B300C41176 /* SessionStore.swift */,
				451BE8442500F512004E502F /* ImagePicker.swift */,
				45A50B452503348F000BDE14 /* Loader.swift */,
			);
			path = HelpClasses;
			sourceTree = "<group>";
		};
		45D2BEAF24FA4AC40079A855 = {
			isa = PBXGroup;
			children = (
				45D2BEBA24FA4AC40079A855 /* myBowfolio */,
				45D2BEB924FA4AC40079A855 /* Products */,
				9DDC349ACCB2BE5DBDD3BC48 /* Pods */,
				1FE23BEFB05C461B216B6C60 /* Frameworks */,
			);
			sourceTree = "<group>";
		};
		45D2BEB924FA4AC40079A855 /* Products */ = {
			isa = PBXGroup;
			children = (
				45D2BEB824FA4AC40079A855 /* myBowfolio.app */,
			);
			name = Products;
			sourceTree = "<group>";
		};
		45D2BEBA24FA4AC40079A855 /* myBowfolio */ = {
			isa = PBXGroup;
			children = (
				451BE83824FE7B66004E502F /* myBowfolio.entitlements */,
				45D2BEBB24FA4AC40079A855 /* AppDelegate.swift */,
				45D2BEBD24FA4AC40079A855 /* SceneDelegate.swift */,
				45D2BEF524FB846F0079A855 /* Views */,
				45DB0EF824FE6B9B00C41176 /* ViewModel */,
				45D2BEF424FB842E0079A855 /* Model */,
				45D2BEF724FB84E10079A855 /* Resources */,
				451BE83D24FFB75C004E502F /* HelpClasses */,
				45D2BEC124FA4AC70079A855 /* Assets.xcassets */,
				45D2BEC624FA4AC70079A855 /* LaunchScreen.storyboard */,
				45D2BEC924FA4AC70079A855 /* Info.plist */,
				45DB0EF024FDDB5200C41176 /* GoogleService-Info.plist */,
				45D2BEC324FA4AC70079A855 /* Preview Content */,
			);
			path = myBowfolio;
			sourceTree = "<group>";
		};
		45D2BEC324FA4AC70079A855 /* Preview Content */ = {
			isa = PBXGroup;
			children = (
				45D2BEC424FA4AC70079A855 /* Preview Assets.xcassets */,
			);
			path = "Preview Content";
			sourceTree = "<group>";
		};
		45D2BEF424FB842E0079A855 /* Model */ = {
			isa = PBXGroup;
			children = (
				45D2BEEC24FB74D60079A855 /* Data.swift */,
				45D2BEEE24FB75040079A855 /* Profile.swift */,
				45D2BEF224FB79050079A855 /* Project.swift */,
				45A50B412501C63B000BDE14 /* User.swift */,
			);
			path = Model;
			sourceTree = "<group>";
		};
		45D2BEF524FB846F0079A855 /* Views */ = {
			isa = PBXGroup;
			children = (
				45D2BEE424FB55600079A855 /* HomeView.swift */,
				45D2BEBF24FA4AC40079A855 /* ContentView.swift */,
				45D2BED524FA6DF80079A855 /* LoginView.swift */,
				45D2BED724FA80A20079A855 /* SignUpView.swift */,
				4598704A24FB8FE600CAA6D8 /* ProjectsView.swift */,
				4598705524FCF02900CAA6D8 /* ProfilesView.swift */,
				4598705B24FD04E100CAA6D8 /* InterestsView.swift */,
				4598705F24FD0CDA00CAA6D8 /* FilterView.swift */,
				45DB0EF224FDEFFE00C41176 /* AlertView.swift */,
				451BE83B24FFB3AD004E502F /* EditProfileView.swift */,
				451BE84025009F18004E502F /* AddProjectView.swift */,
				45A50B4325032E3E000BDE14 /* Test.swift */,
				45A50B5125039E43000BDE14 /* EditProject.swift */,
				45D2BED324FA69820079A855 /* DesignedButton.swift */,
				4598705124FC9C3600CAA6D8 /* ProjectCard.swift */,
				4598705324FCE81100CAA6D8 /* ProfileCard.swift */,
				4598705724FCF1D000CAA6D8 /* InterestCard.swift */,
			);
			path = Views;
			sourceTree = "<group>";
		};
		45D2BEF724FB84E10079A855 /* Resources */ = {
			isa = PBXGroup;
			children = (
				45D2BEEA24FB747B0079A855 /* profiles.json */,
				45D2BEF024FB78A40079A855 /* projects.json */,
			);
			path = Resources;
			sourceTree = "<group>";
		};
		45DB0EF824FE6B9B00C41176 /* ViewModel */ = {
			isa = PBXGroup;
			children = (
				45DB0EF924FE6BD500C41176 /* ProfilesViewModel.swift */,
				451BE83924FF26EE004E502F /* ProjectsViewModel.swift */,
				451BE84225009FB6004E502F /* ProjectViewModel.swift */,
				45A50B3F2501C547000BDE14 /* UserViewModel.swift */,
				45A50B4D25038D09000BDE14 /* UsersViewModel.swift */,
				45A50B4F2503947F000BDE14 /* ProfileViewModel.swift */,
			);
			path = ViewModel;
			sourceTree = "<group>";
		};
		9DDC349ACCB2BE5DBDD3BC48 /* Pods */ = {
			isa = PBXGroup;
			children = (
				8205DD909B9D2BDBCD5044DE /* Pods-myBowfolio.debug.xcconfig */,
				96585D7B9079B2FA171C4581 /* Pods-myBowfolio.release.xcconfig */,
			);
			path = Pods;
			sourceTree = "<group>";
		};
/* End PBXGroup section */

/* Begin PBXNativeTarget section */
		45D2BEB724FA4AC40079A855 /* myBowfolio */ = {
			isa = PBXNativeTarget;
			buildConfigurationList = 45D2BECC24FA4AC70079A855 /* Build configuration list for PBXNativeTarget "myBowfolio" */;
			buildPhases = (
				54C2F005D19EF805675B1E07 /* [CP] Check Pods Manifest.lock */,
				45D2BEB424FA4AC40079A855 /* Sources */,
				45D2BEB524FA4AC40079A855 /* Frameworks */,
				45D2BEB624FA4AC40079A855 /* Resources */,
				C69E64D68DE3FE4AF81BD5FB /* [CP] Embed Pods Frameworks */,
			);
			buildRules = (
			);
			dependencies = (
			);
			name = myBowfolio;
			packageProductDependencies = (
				4598704F24FBA53500CAA6D8 /* Pages */,
			);
			productName = myBowfolio;
			productReference = 45D2BEB824FA4AC40079A855 /* myBowfolio.app */;
			productType = "com.apple.product-type.application";
		};
/* End PBXNativeTarget section */

/* Begin PBXProject section */
		45D2BEB024FA4AC40079A855 /* Project object */ = {
			isa = PBXProject;
			attributes = {
				LastSwiftUpdateCheck = 1160;
				LastUpgradeCheck = 1160;
				ORGANIZATIONNAME = "weirong he";
				TargetAttributes = {
					45D2BEB724FA4AC40079A855 = {
						CreatedOnToolsVersion = 11.6;
					};
				};
			};
			buildConfigurationList = 45D2BEB324FA4AC40079A855 /* Build configuration list for PBXProject "myBowfolio" */;
			compatibilityVersion = "Xcode 9.3";
			developmentRegion = en;
			hasScannedForEncodings = 0;
			knownRegions = (
				en,
				Base,
			);
			mainGroup = 45D2BEAF24FA4AC40079A855;
			packageReferences = (
				4598704E24FBA53500CAA6D8 /* XCRemoteSwiftPackageReference "Pages" */,
			);
			productRefGroup = 45D2BEB924FA4AC40079A855 /* Products */;
			projectDirPath = "";
			projectRoot = "";
			targets = (
				45D2BEB724FA4AC40079A855 /* myBowfolio */,
			);
		};
/* End PBXProject section */

/* Begin PBXResourcesBuildPhase section */
		45D2BEB624FA4AC40079A855 /* Resources */ = {
			isa = PBXResourcesBuildPhase;
			buildActionMask = 2147483647;
			files = (
				45D2BEF124FB78A40079A855 /* projects.json in Resources */,
				45D2BEC824FA4AC70079A855 /* LaunchScreen.storyboard in Resources */,
				45D2BEC524FA4AC70079A855 /* Preview Assets.xcassets in Resources */,
				45D2BEC224FA4AC70079A855 /* Assets.xcassets in Resources */,
				45D2BEEB24FB747B0079A855 /* profiles.json in Resources */,
				45DB0EF124FDDB5300C41176 /* GoogleService-Info.plist in Resources */,
			);
			runOnlyForDeploymentPostprocessing = 0;
		};
/* End PBXResourcesBuildPhase section */

/* Begin PBXShellScriptBuildPhase section */
		54C2F005D19EF805675B1E07 /* [CP] Check Pods Manifest.lock */ = {
			isa = PBXShellScriptBuildPhase;
			buildActionMask = 2147483647;
			files = (
			);
			inputFileListPaths = (
			);
			inputPaths = (
				"${PODS_PODFILE_DIR_PATH}/Podfile.lock",
				"${PODS_ROOT}/Manifest.lock",
			);
			name = "[CP] Check Pods Manifest.lock";
			outputFileListPaths = (
			);
			outputPaths = (
				"$(DERIVED_FILE_DIR)/Pods-myBowfolio-checkManifestLockResult.txt",
			);
			runOnlyForDeploymentPostprocessing = 0;
			shellPath = /bin/sh;
			shellScript = "diff \"${PODS_PODFILE_DIR_PATH}/Podfile.lock\" \"${PODS_ROOT}/Manifest.lock\" > /dev/null\nif [ $? != 0 ] ; then\n    # print error to STDERR\n    echo \"error: The sandbox is not in sync with the Podfile.lock. Run 'pod install' or update your CocoaPods installation.\" >&2\n    exit 1\nfi\n# This output is used by Xcode 'outputs' to avoid re-running this script phase.\necho \"SUCCESS\" > \"${SCRIPT_OUTPUT_FILE_0}\"\n";
			showEnvVarsInLog = 0;
		};
		C69E64D68DE3FE4AF81BD5FB /* [CP] Embed Pods Frameworks */ = {
			isa = PBXShellScriptBuildPhase;
			buildActionMask = 2147483647;
			files = (
			);
			inputFileListPaths = (
				"${PODS_ROOT}/Target Support Files/Pods-myBowfolio/Pods-myBowfolio-frameworks-${CONFIGURATION}-input-files.xcfilelist",
			);
			name = "[CP] Embed Pods Frameworks";
			outputFileListPaths = (
				"${PODS_ROOT}/Target Support Files/Pods-myBowfolio/Pods-myBowfolio-frameworks-${CONFIGURATION}-output-files.xcfilelist",
			);
			runOnlyForDeploymentPostprocessing = 0;
			shellPath = /bin/sh;
			shellScript = "\"${PODS_ROOT}/Target Support Files/Pods-myBowfolio/Pods-myBowfolio-frameworks.sh\"\n";
			showEnvVarsInLog = 0;
		};
/* End PBXShellScriptBuildPhase section */

/* Begin PBXSourcesBuildPhase section */
		45D2BEB424FA4AC40079A855 /* Sources */ = {
			isa = PBXSourcesBuildPhase;
			buildActionMask = 2147483647;
			files = (
				4598705424FCE81100CAA6D8 /* ProfileCard.swift in Sources */,
				45DB0EF324FDEFFE00C41176 /* AlertView.swift in Sources */,
				451BE8452500F512004E502F /* ImagePicker.swift in Sources */,
				451BE84125009F18004E502F /* AddProjectView.swift in Sources */,
				45D2BEBC24FA4AC40079A855 /* AppDelegate.swift in Sources */,
				45A50B422501C63B000BDE14 /* User.swift in Sources */,
				451BE84325009FB6004E502F /* ProjectViewModel.swift in Sources */,
				45D2BEBE24FA4AC40079A855 /* SceneDelegate.swift in Sources */,
				45A50B462503348F000BDE14 /* Loader.swift in Sources */,
				45A50B5225039E43000BDE14 /* EditProject.swift in Sources */,
				45D2BED424FA69820079A855 /* DesignedButton.swift in Sources */,
				4598706024FD0CDA00CAA6D8 /* FilterView.swift in Sources */,
				45A50B402501C547000BDE14 /* UserViewModel.swift in Sources */,
				45A50B502503947F000BDE14 /* ProfileViewModel.swift in Sources */,
				45DB0EFA24FE6BD500C41176 /* ProfilesViewModel.swift in Sources */,
				45DB0EF724FE20B400C41176 /* SessionStore.swift in Sources */,
				45D2BEF324FB79050079A855 /* Project.swift in Sources */,
				4598705824FCF1D000CAA6D8 /* InterestCard.swift in Sources */,
				45D2BEE524FB55610079A855 /* HomeView.swift in Sources */,
				45D2BED624FA6DF80079A855 /* LoginView.swift in Sources */,
				45A50B4425032E3E000BDE14 /* Test.swift in Sources */,
				45A50B4E25038D09000BDE14 /* UsersViewModel.swift in Sources */,
				45D2BED824FA80A20079A855 /* SignUpView.swift in Sources */,
				45D2BEC024FA4AC40079A855 /* ContentView.swift in Sources */,
				451BE83C24FFB3AD004E502F /* EditProfileView.swift in Sources */,
				45D2BEEF24FB75040079A855 /* Profile.swift in Sources */,
				4598705624FCF02900CAA6D8 /* ProfilesView.swift in Sources */,
				4598705224FC9C3600CAA6D8 /* ProjectCard.swift in Sources */,
				4598704B24FB8FE600CAA6D8 /* ProjectsView.swift in Sources */,
				45D2BEED24FB74D60079A855 /* Data.swift in Sources */,
				451BE83A24FF26EE004E502F /* ProjectsViewModel.swift in Sources */,
				4598705C24FD04E100CAA6D8 /* InterestsView.swift in Sources */,
			);
			runOnlyForDeploymentPostprocessing = 0;
		};
/* End PBXSourcesBuildPhase section */

/* Begin PBXVariantGroup section */
		45D2BEC624FA4AC70079A855 /* LaunchScreen.storyboard */ = {
			isa = PBXVariantGroup;
			children = (
				45D2BEC724FA4AC70079A855 /* Base */,
			);
			name = LaunchScreen.storyboard;
			sourceTree = "<group>";
		};
/* End PBXVariantGroup section */

/* Begin XCBuildConfiguration section */
		45D2BECA24FA4AC70079A855 /* Debug */ = {
			isa = XCBuildConfiguration;
			buildSettings = {
				ALWAYS_SEARCH_USER_PATHS = NO;
				CLANG_ANALYZER_NONNULL = YES;
				CLANG_ANALYZER_NUMBER_OBJECT_CONVERSION = YES_AGGRESSIVE;
				CLANG_CXX_LANGUAGE_STANDARD = "gnu++14";
				CLANG_CXX_LIBRARY = "libc++";
				CLANG_ENABLE_MODULES = YES;
				CLANG_ENABLE_OBJC_ARC = YES;
				CLANG_ENABLE_OBJC_WEAK = YES;
				CLANG_WARN_BLOCK_CAPTURE_AUTORELEASING = YES;
				CLANG_WARN_BOOL_CONVERSION = YES;
				CLANG_WARN_COMMA = YES;
				CLANG_WARN_CONSTANT_CONVERSION = YES;
				CLANG_WARN_DEPRECATED_OBJC_IMPLEMENTATIONS = YES;
				CLANG_WARN_DIRECT_OBJC_ISA_USAGE = YES_ERROR;
				CLANG_WARN_DOCUMENTATION_COMMENTS = YES;
				CLANG_WARN_EMPTY_BODY = YES;
				CLANG_WARN_ENUM_CONVERSION = YES;
				CLANG_WARN_INFINITE_RECURSION = YES;
				CLANG_WARN_INT_CONVERSION = YES;
				CLANG_WARN_NON_LITERAL_NULL_CONVERSION = YES;
				CLANG_WARN_OBJC_IMPLICIT_RETAIN_SELF = YES;
				CLANG_WARN_OBJC_LITERAL_CONVERSION = YES;
				CLANG_WARN_OBJC_ROOT_CLASS = YES_ERROR;
				CLANG_WARN_RANGE_LOOP_ANALYSIS = YES;
				CLANG_WARN_STRICT_PROTOTYPES = YES;
				CLANG_WARN_SUSPICIOUS_MOVE = YES;
				CLANG_WARN_UNGUARDED_AVAILABILITY = YES_AGGRESSIVE;
				CLANG_WARN_UNREACHABLE_CODE = YES;
				CLANG_WARN__DUPLICATE_METHOD_MATCH = YES;
				COPY_PHASE_STRIP = NO;
				DEBUG_INFORMATION_FORMAT = dwarf;
				ENABLE_STRICT_OBJC_MSGSEND = YES;
				ENABLE_TESTABILITY = YES;
				GCC_C_LANGUAGE_STANDARD = gnu11;
				GCC_DYNAMIC_NO_PIC = NO;
				GCC_NO_COMMON_BLOCKS = YES;
				GCC_OPTIMIZATION_LEVEL = 0;
				GCC_PREPROCESSOR_DEFINITIONS = (
					"DEBUG=1",
					"$(inherited)",
				);
				GCC_WARN_64_TO_32_BIT_CONVERSION = YES;
				GCC_WARN_ABOUT_RETURN_TYPE = YES_ERROR;
				GCC_WARN_UNDECLARED_SELECTOR = YES;
				GCC_WARN_UNINITIALIZED_AUTOS = YES_AGGRESSIVE;
				GCC_WARN_UNUSED_FUNCTION = YES;
				GCC_WARN_UNUSED_VARIABLE = YES;
				IPHONEOS_DEPLOYMENT_TARGET = 13.6;
				MTL_ENABLE_DEBUG_INFO = INCLUDE_SOURCE;
				MTL_FAST_MATH = YES;
				ONLY_ACTIVE_ARCH = YES;
				SDKROOT = iphoneos;
				SWIFT_ACTIVE_COMPILATION_CONDITIONS = DEBUG;
				SWIFT_OPTIMIZATION_LEVEL = "-Onone";
			};
			name = Debug;
		};
		45D2BECB24FA4AC70079A855 /* Release */ = {
			isa = XCBuildConfiguration;
			buildSettings = {
				ALWAYS_SEARCH_USER_PATHS = NO;
				CLANG_ANALYZER_NONNULL = YES;
				CLANG_ANALYZER_NUMBER_OBJECT_CONVERSION = YES_AGGRESSIVE;
				CLANG_CXX_LANGUAGE_STANDARD = "gnu++14";
				CLANG_CXX_LIBRARY = "libc++";
				CLANG_ENABLE_MODULES = YES;
				CLANG_ENABLE_OBJC_ARC = YES;
				CLANG_ENABLE_OBJC_WEAK = YES;
				CLANG_WARN_BLOCK_CAPTURE_AUTORELEASING = YES;
				CLANG_WARN_BOOL_CONVERSION = YES;
				CLANG_WARN_COMMA = YES;
				CLANG_WARN_CONSTANT_CONVERSION = YES;
				CLANG_WARN_DEPRECATED_OBJC_IMPLEMENTATIONS = YES;
				CLANG_WARN_DIRECT_OBJC_ISA_USAGE = YES_ERROR;
				CLANG_WARN_DOCUMENTATION_COMMENTS = YES;
				CLANG_WARN_EMPTY_BODY = YES;
				CLANG_WARN_ENUM_CONVERSION = YES;
				CLANG_WARN_INFINITE_RECURSION = YES;
				CLANG_WARN_INT_CONVERSION = YES;
				CLANG_WARN_NON_LITERAL_NULL_CONVERSION = YES;
				CLANG_WARN_OBJC_IMPLICIT_RETAIN_SELF = YES;
				CLANG_WARN_OBJC_LITERAL_CONVERSION = YES;
				CLANG_WARN_OBJC_ROOT_CLASS = YES_ERROR;
				CLANG_WARN_RANGE_LOOP_ANALYSIS = YES;
				CLANG_WARN_STRICT_PROTOTYPES = YES;
				CLANG_WARN_SUSPICIOUS_MOVE = YES;
				CLANG_WARN_UNGUARDED_AVAILABILITY = YES_AGGRESSIVE;
				CLANG_WARN_UNREACHABLE_CODE = YES;
				CLANG_WARN__DUPLICATE_METHOD_MATCH = YES;
				COPY_PHASE_STRIP = NO;
				DEBUG_INFORMATION_FORMAT = "dwarf-with-dsym";
				ENABLE_NS_ASSERTIONS = NO;
				ENABLE_STRICT_OBJC_MSGSEND = YES;
				GCC_C_LANGUAGE_STANDARD = gnu11;
				GCC_NO_COMMON_BLOCKS = YES;
				GCC_WARN_64_TO_32_BIT_CONVERSION = YES;
				GCC_WARN_ABOUT_RETURN_TYPE = YES_ERROR;
				GCC_WARN_UNDECLARED_SELECTOR = YES;
				GCC_WARN_UNINITIALIZED_AUTOS = YES_AGGRESSIVE;
				GCC_WARN_UNUSED_FUNCTION = YES;
				GCC_WARN_UNUSED_VARIABLE = YES;
				IPHONEOS_DEPLOYMENT_TARGET = 13.6;
				MTL_ENABLE_DEBUG_INFO = NO;
				MTL_FAST_MATH = YES;
				SDKROOT = iphoneos;
				SWIFT_COMPILATION_MODE = wholemodule;
				SWIFT_OPTIMIZATION_LEVEL = "-O";
				VALIDATE_PRODUCT = YES;
			};
			name = Release;
		};
		45D2BECD24FA4AC70079A855 /* Debug */ = {
			isa = XCBuildConfiguration;
			baseConfigurationReference = 8205DD909B9D2BDBCD5044DE /* Pods-myBowfolio.debug.xcconfig */;
			buildSettings = {
				ASSETCATALOG_COMPILER_APPICON_NAME = AppIcon;
				CODE_SIGN_ENTITLEMENTS = myBowfolio/myBowfolio.entitlements;
				CODE_SIGN_STYLE = Automatic;
				DEVELOPMENT_ASSET_PATHS = "\"myBowfolio/Preview Content\"";
				DEVELOPMENT_TEAM = L5D3LC3AVZ;
				ENABLE_PREVIEWS = YES;
				INFOPLIST_FILE = myBowfolio/Info.plist;
				LD_RUNPATH_SEARCH_PATHS = (
					"$(inherited)",
					"@executable_path/Frameworks",
				);
				PRODUCT_BUNDLE_IDENTIFIER = yinkron.myBowfolio;
				PRODUCT_NAME = "$(TARGET_NAME)";
				SWIFT_VERSION = 5.0;
				TARGETED_DEVICE_FAMILY = "1,2";
			};
			name = Debug;
		};
		45D2BECE24FA4AC70079A855 /* Release */ = {
			isa = XCBuildConfiguration;
			baseConfigurationReference = 96585D7B9079B2FA171C4581 /* Pods-myBowfolio.release.xcconfig */;
			buildSettings = {
				ASSETCATALOG_COMPILER_APPICON_NAME = AppIcon;
				CODE_SIGN_ENTITLEMENTS = myBowfolio/myBowfolio.entitlements;
				CODE_SIGN_STYLE = Automatic;
				DEVELOPMENT_ASSET_PATHS = "\"myBowfolio/Preview Content\"";
				DEVELOPMENT_TEAM = L5D3LC3AVZ;
				ENABLE_PREVIEWS = YES;
				INFOPLIST_FILE = myBowfolio/Info.plist;
				LD_RUNPATH_SEARCH_PATHS = (
					"$(inherited)",
					"@executable_path/Frameworks",
				);
				PRODUCT_BUNDLE_IDENTIFIER = yinkron.myBowfolio;
				PRODUCT_NAME = "$(TARGET_NAME)";
				SWIFT_VERSION = 5.0;
				TARGETED_DEVICE_FAMILY = "1,2";
			};
			name = Release;
		};
/* End XCBuildConfiguration section */

/* Begin XCConfigurationList section */
		45D2BEB324FA4AC40079A855 /* Build configuration list for PBXProject "myBowfolio" */ = {
			isa = XCConfigurationList;
			buildConfigurations = (
				45D2BECA24FA4AC70079A855 /* Debug */,
				45D2BECB24FA4AC70079A855 /* Release */,
			);
			defaultConfigurationIsVisible = 0;
			defaultConfigurationName = Release;
		};
		45D2BECC24FA4AC70079A855 /* Build configuration list for PBXNativeTarget "myBowfolio" */ = {
			isa = XCConfigurationList;
			buildConfigurations = (
				45D2BECD24FA4AC70079A855 /* Debug */,
				45D2BECE24FA4AC70079A855 /* Release */,
			);
			defaultConfigurationIsVisible = 0;
			defaultConfigurationName = Release;
		};
/* End XCConfigurationList section */

/* Begin XCRemoteSwiftPackageReference section */
		4598704E24FBA53500CAA6D8 /* XCRemoteSwiftPackageReference "Pages" */ = {
			isa = XCRemoteSwiftPackageReference;
			repositoryURL = "https://github.com/nachonavarro/Pages";
			requirement = {
				kind = upToNextMajorVersion;
				minimumVersion = 0.1.5;
			};
		};
/* End XCRemoteSwiftPackageReference section */

/* Begin XCSwiftPackageProductDependency section */
		4598704F24FBA53500CAA6D8 /* Pages */ = {
			isa = XCSwiftPackageProductDependency;
			package = 4598704E24FBA53500CAA6D8 /* XCRemoteSwiftPackageReference "Pages" */;
			productName = Pages;
		};
/* End XCSwiftPackageProductDependency section */
	};
	rootObject = 45D2BEB024FA4AC40079A855 /* Project object */;
}
